// !$*UTF8*$!
{
	archiveVersion = 1;
	classes = {
	};
	objectVersion = 46;
	objects = {

/* Begin PBXBuildFile section */
		4C8F62B019D9DBE6004200EC /* Foundation.framework in Frameworks */ = {isa = PBXBuildFile; fileRef = 4C8F62AF19D9DBE6004200EC /* Foundation.framework */; };
		4C8F62B219D9DBE6004200EC /* CoreGraphics.framework in Frameworks */ = {isa = PBXBuildFile; fileRef = 4C8F62B119D9DBE6004200EC /* CoreGraphics.framework */; };
		4C8F62B419D9DBE7004200EC /* UIKit.framework in Frameworks */ = {isa = PBXBuildFile; fileRef = 4C8F62B319D9DBE7004200EC /* UIKit.framework */; };
		4C8F62BA19D9DBE7004200EC /* InfoPlist.strings in Resources */ = {isa = PBXBuildFile; fileRef = 4C8F62B819D9DBE7004200EC /* InfoPlist.strings */; };
		4C8F62BC19D9DBE7004200EC /* main.m in Sources */ = {isa = PBXBuildFile; fileRef = 4C8F62BB19D9DBE7004200EC /* main.m */; };
		4C8F62C019D9DBE7004200EC /* AppDelegate.m in Sources */ = {isa = PBXBuildFile; fileRef = 4C8F62BF19D9DBE7004200EC /* AppDelegate.m */; };
		4C8F62C319D9DBE7004200EC /* Main.storyboard in Resources */ = {isa = PBXBuildFile; fileRef = 4C8F62C119D9DBE7004200EC /* Main.storyboard */; };
		4C8F62C619D9DBE7004200EC /* ViewController.m in Sources */ = {isa = PBXBuildFile; fileRef = 4C8F62C519D9DBE7004200EC /* ViewController.m */; };
		4C8F62C819D9DBE7004200EC /* Images.xcassets in Resources */ = {isa = PBXBuildFile; fileRef = 4C8F62C719D9DBE7004200EC /* Images.xcassets */; };
		4C8F62CF19D9DBE7004200EC /* XCTest.framework in Frameworks */ = {isa = PBXBuildFile; fileRef = 4C8F62CE19D9DBE7004200EC /* XCTest.framework */; };
		4C8F62D019D9DBE7004200EC /* Foundation.framework in Frameworks */ = {isa = PBXBuildFile; fileRef = 4C8F62AF19D9DBE6004200EC /* Foundation.framework */; };
		4C8F62D119D9DBE7004200EC /* UIKit.framework in Frameworks */ = {isa = PBXBuildFile; fileRef = 4C8F62B319D9DBE7004200EC /* UIKit.framework */; };
		4C8F62D919D9DBE7004200EC /* InfoPlist.strings in Resources */ = {isa = PBXBuildFile; fileRef = 4C8F62D719D9DBE7004200EC /* InfoPlist.strings */; };
		4C8F62DB19D9DBE7004200EC /* PajamasBirthdayTests.m in Sources */ = {isa = PBXBuildFile; fileRef = 4C8F62DA19D9DBE7004200EC /* PajamasBirthdayTests.m */; };
		4C8F62EA19D9DC9C004200EC /* 2cat.png in Resources */ = {isa = PBXBuildFile; fileRef = 4C8F62E619D9DC9C004200EC /* 2cat.png */; };
		4C8F62EB19D9DC9C004200EC /* hbtext.png in Resources */ = {isa = PBXBuildFile; fileRef = 4C8F62E719D9DC9C004200EC /* hbtext.png */; };
		4C8F62EC19D9DC9C004200EC /* pajamas.png in Resources */ = {isa = PBXBuildFile; fileRef = 4C8F62E819D9DC9C004200EC /* pajamas.png */; };
		4C8F62ED19D9DC9C004200EC /* wolf.png in Resources */ = {isa = PBXBuildFile; fileRef = 4C8F62E919D9DC9C004200EC /* wolf.png */; };
		4C8F62EF19D9F139004200EC /* date.png in Resources */ = {isa = PBXBuildFile; fileRef = 4C8F62EE19D9F139004200EC /* date.png */; };
		4C8F62F119D9F212004200EC /* to.png in Resources */ = {isa = PBXBuildFile; fileRef = 4C8F62F019D9F212004200EC /* to.png */; };
		4C8F62F419D9F42A004200EC /* from.png in Resources */ = {isa = PBXBuildFile; fileRef = 4C8F62F219D9F42A004200EC /* from.png */; };
		4C8F62F519D9F42A004200EC /* to.png in Resources */ = {isa = PBXBuildFile; fileRef = 4C8F62F319D9F42A004200EC /* to.png */; };
		4C8F62F719DC6C3F004200EC /* cathand.png in Resources */ = {isa = PBXBuildFile; fileRef = 4C8F62F619DC6C3F004200EC /* cathand.png */; };
		4C8F62FA19DC7387004200EC /* boxbottom.png in Resources */ = {isa = PBXBuildFile; fileRef = 4C8F62F819DC7387004200EC /* boxbottom.png */; };
		4C8F62FB19DC7387004200EC /* boxupper.png in Resources */ = {isa = PBXBuildFile; fileRef = 4C8F62F919DC7387004200EC /* boxupper.png */; };
		4C8F62FE19DC7419004200EC /* BoxViewController.m in Sources */ = {isa = PBXBuildFile; fileRef = 4C8F62FD19DC7419004200EC /* BoxViewController.m */; };
		4C8F630519DC84E7004200EC /* AVFoundation.framework in Frameworks */ = {isa = PBXBuildFile; fileRef = 4C8F630419DC84E7004200EC /* AVFoundation.framework */; };
		4C8F631F19DC8FC6004200EC /* miew0.wav in Resources */ = {isa = PBXBuildFile; fileRef = 4C8F630719DC8FC6004200EC /* miew0.wav */; };
		4C8F632019DC8FC6004200EC /* miew1.wav in Resources */ = {isa = PBXBuildFile; fileRef = 4C8F630819DC8FC6004200EC /* miew1.wav */; };
		4C8F632119DC8FC6004200EC /* miew10.wav in Resources */ = {isa = PBXBuildFile; fileRef = 4C8F630919DC8FC6004200EC /* miew10.wav */; };
		4C8F632219DC8FC6004200EC /* miew11.wav in Resources */ = {isa = PBXBuildFile; fileRef = 4C8F630A19DC8FC6004200EC /* miew11.wav */; };
		4C8F632319DC8FC6004200EC /* miew12.wav in Resources */ = {isa = PBXBuildFile; fileRef = 4C8F630B19DC8FC6004200EC /* miew12.wav */; };
		4C8F632419DC8FC6004200EC /* miew13.wav in Resources */ = {isa = PBXBuildFile; fileRef = 4C8F630C19DC8FC6004200EC /* miew13.wav */; };
		4C8F632519DC8FC6004200EC /* miew14.wav in Resources */ = {isa = PBXBuildFile; fileRef = 4C8F630D19DC8FC6004200EC /* miew14.wav */; };
		4C8F632619DC8FC6004200EC /* miew15.wav in Resources */ = {isa = PBXBuildFile; fileRef = 4C8F630E19DC8FC6004200EC /* miew15.wav */; };
		4C8F632719DC8FC6004200EC /* miew16.wav in Resources */ = {isa = PBXBuildFile; fileRef = 4C8F630F19DC8FC6004200EC /* miew16.wav */; };
		4C8F632819DC8FC6004200EC /* miew17.wav in Resources */ = {isa = PBXBuildFile; fileRef = 4C8F631019DC8FC6004200EC /* miew17.wav */; };
		4C8F632919DC8FC6004200EC /* miew18.wav in Resources */ = {isa = PBXBuildFile; fileRef = 4C8F631119DC8FC6004200EC /* miew18.wav */; };
		4C8F632A19DC8FC6004200EC /* miew19.wav in Resources */ = {isa = PBXBuildFile; fileRef = 4C8F631219DC8FC6004200EC /* miew19.wav */; };
		4C8F632B19DC8FC6004200EC /* miew2.wav in Resources */ = {isa = PBXBuildFile; fileRef = 4C8F631319DC8FC6004200EC /* miew2.wav */; };
		4C8F632C19DC8FC6004200EC /* miew20.wav in Resources */ = {isa = PBXBuildFile; fileRef = 4C8F631419DC8FC6004200EC /* miew20.wav */; };
		4C8F632D19DC8FC6004200EC /* miew21.wav in Resources */ = {isa = PBXBuildFile; fileRef = 4C8F631519DC8FC6004200EC /* miew21.wav */; };
		4C8F632E19DC8FC6004200EC /* miew22.wav in Resources */ = {isa = PBXBuildFile; fileRef = 4C8F631619DC8FC6004200EC /* miew22.wav */; };
		4C8F632F19DC8FC6004200EC /* miew23.wav in Resources */ = {isa = PBXBuildFile; fileRef = 4C8F631719DC8FC6004200EC /* miew23.wav */; };
		4C8F633019DC8FC6004200EC /* miew3.wav in Resources */ = {isa = PBXBuildFile; fileRef = 4C8F631819DC8FC6004200EC /* miew3.wav */; };
		4C8F633119DC8FC6004200EC /* miew4.wav in Resources */ = {isa = PBXBuildFile; fileRef = 4C8F631919DC8FC6004200EC /* miew4.wav */; };
		4C8F633219DC8FC6004200EC /* miew5.wav in Resources */ = {isa = PBXBuildFile; fileRef = 4C8F631A19DC8FC6004200EC /* miew5.wav */; };
		4C8F633319DC8FC6004200EC /* miew6.wav in Resources */ = {isa = PBXBuildFile; fileRef = 4C8F631B19DC8FC6004200EC /* miew6.wav */; };
		4C8F633419DC8FC6004200EC /* miew7.wav in Resources */ = {isa = PBXBuildFile; fileRef = 4C8F631C19DC8FC6004200EC /* miew7.wav */; };
		4C8F633519DC8FC6004200EC /* miew8.wav in Resources */ = {isa = PBXBuildFile; fileRef = 4C8F631D19DC8FC6004200EC /* miew8.wav */; };
		4C8F633619DC8FC6004200EC /* miew9.wav in Resources */ = {isa = PBXBuildFile; fileRef = 4C8F631E19DC8FC6004200EC /* miew9.wav */; };
/* End PBXBuildFile section */

/* Begin PBXContainerItemProxy section */
		4C8F62D219D9DBE7004200EC /* PBXContainerItemProxy */ = {
			isa = PBXContainerItemProxy;
			containerPortal = 4C8F62A419D9DBE6004200EC /* Project object */;
			proxyType = 1;
			remoteGlobalIDString = 4C8F62AB19D9DBE6004200EC;
			remoteInfo = PajamasBirthday;
		};
/* End PBXContainerItemProxy section */

/* Begin PBXFileReference section */
		4C8F62AC19D9DBE6004200EC /* PajamasBirthday.app */ = {isa = PBXFileReference; explicitFileType = wrapper.application; includeInIndex = 0; path = PajamasBirthday.app; sourceTree = BUILT_PRODUCTS_DIR; };
		4C8F62AF19D9DBE6004200EC /* Foundation.framework */ = {isa = PBXFileReference; lastKnownFileType = wrapper.framework; name = Foundation.framework; path = System/Library/Frameworks/Foundation.framework; sourceTree = SDKROOT; };
		4C8F62B119D9DBE6004200EC /* CoreGraphics.framework */ = {isa = PBXFileReference; lastKnownFileType = wrapper.framework; name = CoreGraphics.framework; path = System/Library/Frameworks/CoreGraphics.framework; sourceTree = SDKROOT; };
		4C8F62B319D9DBE7004200EC /* UIKit.framework */ = {isa = PBXFileReference; lastKnownFileType = wrapper.framework; name = UIKit.framework; path = System/Library/Frameworks/UIKit.framework; sourceTree = SDKROOT; };
		4C8F62B719D9DBE7004200EC /* PajamasBirthday-Info.plist */ = {isa = PBXFileReference; lastKnownFileType = text.plist.xml; path = "PajamasBirthday-Info.plist"; sourceTree = "<group>"; };
		4C8F62B919D9DBE7004200EC /* en */ = {isa = PBXFileReference; lastKnownFileType = text.plist.strings; name = en; path = en.lproj/InfoPlist.strings; sourceTree = "<group>"; };
		4C8F62BB19D9DBE7004200EC /* main.m */ = {isa = PBXFileReference; lastKnownFileType = sourcecode.c.objc; path = main.m; sourceTree = "<group>"; };
		4C8F62BD19D9DBE7004200EC /* PajamasBirthday-Prefix.pch */ = {isa = PBXFileReference; lastKnownFileType = sourcecode.c.h; path = "PajamasBirthday-Prefix.pch"; sourceTree = "<group>"; };
		4C8F62BE19D9DBE7004200EC /* AppDelegate.h */ = {isa = PBXFileReference; lastKnownFileType = sourcecode.c.h; path = AppDelegate.h; sourceTree = "<group>"; };
		4C8F62BF19D9DBE7004200EC /* AppDelegate.m */ = {isa = PBXFileReference; lastKnownFileType = sourcecode.c.objc; path = AppDelegate.m; sourceTree = "<group>"; };
		4C8F62C219D9DBE7004200EC /* Base */ = {isa = PBXFileReference; lastKnownFileType = file.storyboard; name = Base; path = Base.lproj/Main.storyboard; sourceTree = "<group>"; };
		4C8F62C419D9DBE7004200EC /* ViewController.h */ = {isa = PBXFileReference; lastKnownFileType = sourcecode.c.h; path = ViewController.h; sourceTree = "<group>"; };
		4C8F62C519D9DBE7004200EC /* ViewController.m */ = {isa = PBXFileReference; lastKnownFileType = sourcecode.c.objc; path = ViewController.m; sourceTree = "<group>"; };
		4C8F62C719D9DBE7004200EC /* Images.xcassets */ = {isa = PBXFileReference; lastKnownFileType = folder.assetcatalog; path = Images.xcassets; sourceTree = "<group>"; };
		4C8F62CD19D9DBE7004200EC /* PajamasBirthdayTests.xctest */ = {isa = PBXFileReference; explicitFileType = wrapper.cfbundle; includeInIndex = 0; path = PajamasBirthdayTests.xctest; sourceTree = BUILT_PRODUCTS_DIR; };
		4C8F62CE19D9DBE7004200EC /* XCTest.framework */ = {isa = PBXFileReference; lastKnownFileType = wrapper.framework; name = XCTest.framework; path = Library/Frameworks/XCTest.framework; sourceTree = DEVELOPER_DIR; };
		4C8F62D619D9DBE7004200EC /* PajamasBirthdayTests-Info.plist */ = {isa = PBXFileReference; lastKnownFileType = text.plist.xml; path = "PajamasBirthdayTests-Info.plist"; sourceTree = "<group>"; };
		4C8F62D819D9DBE7004200EC /* en */ = {isa = PBXFileReference; lastKnownFileType = text.plist.strings; name = en; path = en.lproj/InfoPlist.strings; sourceTree = "<group>"; };
		4C8F62DA19D9DBE7004200EC /* PajamasBirthdayTests.m */ = {isa = PBXFileReference; lastKnownFileType = sourcecode.c.objc; path = PajamasBirthdayTests.m; sourceTree = "<group>"; };
		4C8F62E619D9DC9C004200EC /* 2cat.png */ = {isa = PBXFileReference; lastKnownFileType = image.png; path = 2cat.png; sourceTree = "<group>"; };
		4C8F62E719D9DC9C004200EC /* hbtext.png */ = {isa = PBXFileReference; lastKnownFileType = image.png; path = hbtext.png; sourceTree = "<group>"; };
		4C8F62E819D9DC9C004200EC /* pajamas.png */ = {isa = PBXFileReference; lastKnownFileType = image.png; path = pajamas.png; sourceTree = "<group>"; };
		4C8F62E919D9DC9C004200EC /* wolf.png */ = {isa = PBXFileReference; lastKnownFileType = image.png; path = wolf.png; sourceTree = "<group>"; };
		4C8F62EE19D9F139004200EC /* date.png */ = {isa = PBXFileReference; lastKnownFileType = image.png; path = date.png; sourceTree = "<group>"; };
		4C8F62F019D9F212004200EC /* to.png */ = {isa = PBXFileReference; lastKnownFileType = image.png; path = to.png; sourceTree = "<group>"; };
		4C8F62F219D9F42A004200EC /* from.png */ = {isa = PBXFileReference; lastKnownFileType = image.png; path = from.png; sourceTree = "<group>"; };
		4C8F62F319D9F42A004200EC /* to.png */ = {isa = PBXFileReference; lastKnownFileType = image.png; path = to.png; sourceTree = "<group>"; };
		4C8F62F619DC6C3F004200EC /* cathand.png */ = {isa = PBXFileReference; lastKnownFileType = image.png; path = cathand.png; sourceTree = "<group>"; };
		4C8F62F819DC7387004200EC /* boxbottom.png */ = {isa = PBXFileReference; lastKnownFileType = image.png; path = boxbottom.png; sourceTree = "<group>"; };
		4C8F62F919DC7387004200EC /* boxupper.png */ = {isa = PBXFileReference; lastKnownFileType = image.png; path = boxupper.png; sourceTree = "<group>"; };
		4C8F62FC19DC7419004200EC /* BoxViewController.h */ = {isa = PBXFileReference; fileEncoding = 4; lastKnownFileType = sourcecode.c.h; path = BoxViewController.h; sourceTree = "<group>"; };
		4C8F62FD19DC7419004200EC /* BoxViewController.m */ = {isa = PBXFileReference; fileEncoding = 4; lastKnownFileType = sourcecode.c.objc; path = BoxViewController.m; sourceTree = "<group>"; };
		4C8F630419DC84E7004200EC /* AVFoundation.framework */ = {isa = PBXFileReference; lastKnownFileType = wrapper.framework; name = AVFoundation.framework; path = System/Library/Frameworks/AVFoundation.framework; sourceTree = SDKROOT; };
		4C8F630719DC8FC6004200EC /* miew0.wav */ = {isa = PBXFileReference; lastKnownFileType = audio.wav; path = miew0.wav; sourceTree = "<group>"; };
		4C8F630819DC8FC6004200EC /* miew1.wav */ = {isa = PBXFileReference; lastKnownFileType = audio.wav; path = miew1.wav; sourceTree = "<group>"; };
		4C8F630919DC8FC6004200EC /* miew10.wav */ = {isa = PBXFileReference; lastKnownFileType = audio.wav; path = miew10.wav; sourceTree = "<group>"; };
		4C8F630A19DC8FC6004200EC /* miew11.wav */ = {isa = PBXFileReference; lastKnownFileType = audio.wav; path = miew11.wav; sourceTree = "<group>"; };
		4C8F630B19DC8FC6004200EC /* miew12.wav */ = {isa = PBXFileReference; lastKnownFileType = audio.wav; path = miew12.wav; sourceTree = "<group>"; };
		4C8F630C19DC8FC6004200EC /* miew13.wav */ = {isa = PBXFileReference; lastKnownFileType = audio.wav; path = miew13.wav; sourceTree = "<group>"; };
		4C8F630D19DC8FC6004200EC /* miew14.wav */ = {isa = PBXFileReference; lastKnownFileType = audio.wav; path = miew14.wav; sourceTree = "<group>"; };
		4C8F630E19DC8FC6004200EC /* miew15.wav */ = {isa = PBXFileReference; lastKnownFileType = audio.wav; path = miew15.wav; sourceTree = "<group>"; };
		4C8F630F19DC8FC6004200EC /* miew16.wav */ = {isa = PBXFileReference; lastKnownFileType = audio.wav; path = miew16.wav; sourceTree = "<group>"; };
		4C8F631019DC8FC6004200EC /* miew17.wav */ = {isa = PBXFileReference; lastKnownFileType = audio.wav; path = miew17.wav; sourceTree = "<group>"; };
		4C8F631119DC8FC6004200EC /* miew18.wav */ = {isa = PBXFileReference; lastKnownFileType = audio.wav; path = miew18.wav; sourceTree = "<group>"; };
		4C8F631219DC8FC6004200EC /* miew19.wav */ = {isa = PBXFileReference; lastKnownFileType = audio.wav; path = miew19.wav; sourceTree = "<group>"; };
		4C8F631319DC8FC6004200EC /* miew2.wav */ = {isa = PBXFileReference; lastKnownFileType = audio.wav; path = miew2.wav; sourceTree = "<group>"; };
		4C8F631419DC8FC6004200EC /* miew20.wav */ = {isa = PBXFileReference; lastKnownFileType = audio.wav; path = miew20.wav; sourceTree = "<group>"; };
		4C8F631519DC8FC6004200EC /* miew21.wav */ = {isa = PBXFileReference; lastKnownFileType = audio.wav; path = miew21.wav; sourceTree = "<group>"; };
		4C8F631619DC8FC6004200EC /* miew22.wav */ = {isa = PBXFileReference; lastKnownFileType = audio.wav; path = miew22.wav; sourceTree = "<group>"; };
		4C8F631719DC8FC6004200EC /* miew23.wav */ = {isa = PBXFileReference; lastKnownFileType = audio.wav; path = miew23.wav; sourceTree = "<group>"; };
		4C8F631819DC8FC6004200EC /* miew3.wav */ = {isa = PBXFileReference; lastKnownFileType = audio.wav; path = miew3.wav; sourceTree = "<group>"; };
		4C8F631919DC8FC6004200EC /* miew4.wav */ = {isa = PBXFileReference; lastKnownFileType = audio.wav; path = miew4.wav; sourceTree = "<group>"; };
		4C8F631A19DC8FC6004200EC /* miew5.wav */ = {isa = PBXFileReference; lastKnownFileType = audio.wav; path = miew5.wav; sourceTree = "<group>"; };
		4C8F631B19DC8FC6004200EC /* miew6.wav */ = {isa = PBXFileReference; lastKnownFileType = audio.wav; path = miew6.wav; sourceTree = "<group>"; };
		4C8F631C19DC8FC6004200EC /* miew7.wav */ = {isa = PBXFileReference; lastKnownFileType = audio.wav; path = miew7.wav; sourceTree = "<group>"; };
		4C8F631D19DC8FC6004200EC /* miew8.wav */ = {isa = PBXFileReference; lastKnownFileType = audio.wav; path = miew8.wav; sourceTree = "<group>"; };
		4C8F631E19DC8FC6004200EC /* miew9.wav */ = {isa = PBXFileReference; lastKnownFileType = audio.wav; path = miew9.wav; sourceTree = "<group>"; };
/* End PBXFileReference section */

/* Begin PBXFrameworksBuildPhase section */
		4C8F62A919D9DBE6004200EC /* Frameworks */ = {
			isa = PBXFrameworksBuildPhase;
			buildActionMask = 2147483647;
			files = (
				4C8F630519DC84E7004200EC /* AVFoundation.framework in Frameworks */,
				4C8F62B219D9DBE6004200EC /* CoreGraphics.framework in Frameworks */,
				4C8F62B419D9DBE7004200EC /* UIKit.framework in Frameworks */,
				4C8F62B019D9DBE6004200EC /* Foundation.framework in Frameworks */,
			);
			runOnlyForDeploymentPostprocessing = 0;
		};
		4C8F62CA19D9DBE7004200EC /* Frameworks */ = {
			isa = PBXFrameworksBuildPhase;
			buildActionMask = 2147483647;
			files = (
				4C8F62CF19D9DBE7004200EC /* XCTest.framework in Frameworks */,
				4C8F62D119D9DBE7004200EC /* UIKit.framework in Frameworks */,
				4C8F62D019D9DBE7004200EC /* Foundation.framework in Frameworks */,
			);
			runOnlyForDeploymentPostprocessing = 0;
		};
/* End PBXFrameworksBuildPhase section */

/* Begin PBXGroup section */
		4C8F62A319D9DBE6004200EC = {
			isa = PBXGroup;
			children = (
				4C8F62B519D9DBE7004200EC /* PajamasBirthday */,
				4C8F62D419D9DBE7004200EC /* PajamasBirthdayTests */,
				4C8F62AE19D9DBE6004200EC /* Frameworks */,
				4C8F62AD19D9DBE6004200EC /* Products */,
			);
			sourceTree = "<group>";
		};
		4C8F62AD19D9DBE6004200EC /* Products */ = {
			isa = PBXGroup;
			children = (
				4C8F62AC19D9DBE6004200EC /* PajamasBirthday.app */,
				4C8F62CD19D9DBE7004200EC /* PajamasBirthdayTests.xctest */,
			);
			name = Products;
			sourceTree = "<group>";
		};
		4C8F62AE19D9DBE6004200EC /* Frameworks */ = {
			isa = PBXGroup;
			children = (
				4C8F630419DC84E7004200EC /* AVFoundation.framework */,
				4C8F62AF19D9DBE6004200EC /* Foundation.framework */,
				4C8F62B119D9DBE6004200EC /* CoreGraphics.framework */,
				4C8F62B319D9DBE7004200EC /* UIKit.framework */,
				4C8F62CE19D9DBE7004200EC /* XCTest.framework */,
			);
			name = Frameworks;
			sourceTree = "<group>";
		};
		4C8F62B519D9DBE7004200EC /* PajamasBirthday */ = {
			isa = PBXGroup;
			children = (
				4C8F630619DC8FC6004200EC /* audio */,
				4C8F62E519D9DC9C004200EC /* image */,
				4C8F62BE19D9DBE7004200EC /* AppDelegate.h */,
				4C8F62BF19D9DBE7004200EC /* AppDelegate.m */,
				4C8F62C119D9DBE7004200EC /* Main.storyboard */,
				4C8F62C419D9DBE7004200EC /* ViewController.h */,
				4C8F62C519D9DBE7004200EC /* ViewController.m */,
				4C8F62C719D9DBE7004200EC /* Images.xcassets */,
				4C8F62B619D9DBE7004200EC /* Supporting Files */,
				4C8F62FC19DC7419004200EC /* BoxViewController.h */,
				4C8F62FD19DC7419004200EC /* BoxViewController.m */,
			);
			path = PajamasBirthday;
			sourceTree = "<group>";
		};
		4C8F62B619D9DBE7004200EC /* Supporting Files */ = {
			isa = PBXGroup;
			children = (
				4C8F62B719D9DBE7004200EC /* PajamasBirthday-Info.plist */,
				4C8F62B819D9DBE7004200EC /* InfoPlist.strings */,
				4C8F62BB19D9DBE7004200EC /* main.m */,
				4C8F62BD19D9DBE7004200EC /* PajamasBirthday-Prefix.pch */,
			);
			name = "Supporting Files";
			sourceTree = "<group>";
		};
		4C8F62D419D9DBE7004200EC /* PajamasBirthdayTests */ = {
			isa = PBXGroup;
			children = (
				4C8F62DA19D9DBE7004200EC /* PajamasBirthdayTests.m */,
				4C8F62D519D9DBE7004200EC /* Supporting Files */,
			);
			path = PajamasBirthdayTests;
			sourceTree = "<group>";
		};
		4C8F62D519D9DBE7004200EC /* Supporting Files */ = {
			isa = PBXGroup;
			children = (
				4C8F62D619D9DBE7004200EC /* PajamasBirthdayTests-Info.plist */,
				4C8F62D719D9DBE7004200EC /* InfoPlist.strings */,
			);
			name = "Supporting Files";
			sourceTree = "<group>";
		};
		4C8F62E519D9DC9C004200EC /* image */ = {
			isa = PBXGroup;
			children = (
				4C8F62F819DC7387004200EC /* boxbottom.png */,
				4C8F62F919DC7387004200EC /* boxupper.png */,
				4C8F62F619DC6C3F004200EC /* cathand.png */,
				4C8F62EE19D9F139004200EC /* date.png */,
				4C8F62F219D9F42A004200EC /* from.png */,
				4C8F62F319D9F42A004200EC /* to.png */,
				4C8F62F019D9F212004200EC /* to.png */,
				4C8F62E619D9DC9C004200EC /* 2cat.png */,
				4C8F62E719D9DC9C004200EC /* hbtext.png */,
				4C8F62E819D9DC9C004200EC /* pajamas.png */,
				4C8F62E919D9DC9C004200EC /* wolf.png */,
			);
			path = image;
			sourceTree = "<group>";
		};
		4C8F630619DC8FC6004200EC /* audio */ = {
			isa = PBXGroup;
			children = (
				4C8F630719DC8FC6004200EC /* miew0.wav */,
				4C8F630819DC8FC6004200EC /* miew1.wav */,
				4C8F630919DC8FC6004200EC /* miew10.wav */,
				4C8F630A19DC8FC6004200EC /* miew11.wav */,
				4C8F630B19DC8FC6004200EC /* miew12.wav */,
				4C8F630C19DC8FC6004200EC /* miew13.wav */,
				4C8F630D19DC8FC6004200EC /* miew14.wav */,
				4C8F630E19DC8FC6004200EC /* miew15.wav */,
				4C8F630F19DC8FC6004200EC /* miew16.wav */,
				4C8F631019DC8FC6004200EC /* miew17.wav */,
				4C8F631119DC8FC6004200EC /* miew18.wav */,
				4C8F631219DC8FC6004200EC /* miew19.wav */,
				4C8F631319DC8FC6004200EC /* miew2.wav */,
				4C8F631419DC8FC6004200EC /* miew20.wav */,
				4C8F631519DC8FC6004200EC /* miew21.wav */,
				4C8F631619DC8FC6004200EC /* miew22.wav */,
				4C8F631719DC8FC6004200EC /* miew23.wav */,
				4C8F631819DC8FC6004200EC /* miew3.wav */,
				4C8F631919DC8FC6004200EC /* miew4.wav */,
				4C8F631A19DC8FC6004200EC /* miew5.wav */,
				4C8F631B19DC8FC6004200EC /* miew6.wav */,
				4C8F631C19DC8FC6004200EC /* miew7.wav */,
				4C8F631D19DC8FC6004200EC /* miew8.wav */,
				4C8F631E19DC8FC6004200EC /* miew9.wav */,
			);
			path = audio;
			sourceTree = "<group>";
		};
/* End PBXGroup section */

/* Begin PBXNativeTarget section */
		4C8F62AB19D9DBE6004200EC /* PajamasBirthday */ = {
			isa = PBXNativeTarget;
			buildConfigurationList = 4C8F62DE19D9DBE7004200EC /* Build configuration list for PBXNativeTarget "PajamasBirthday" */;
			buildPhases = (
				4C8F62A819D9DBE6004200EC /* Sources */,
				4C8F62A919D9DBE6004200EC /* Frameworks */,
				4C8F62AA19D9DBE6004200EC /* Resources */,
			);
			buildRules = (
			);
			dependencies = (
			);
			name = PajamasBirthday;
			productName = PajamasBirthday;
			productReference = 4C8F62AC19D9DBE6004200EC /* PajamasBirthday.app */;
			productType = "com.apple.product-type.application";
		};
		4C8F62CC19D9DBE7004200EC /* PajamasBirthdayTests */ = {
			isa = PBXNativeTarget;
			buildConfigurationList = 4C8F62E119D9DBE7004200EC /* Build configuration list for PBXNativeTarget "PajamasBirthdayTests" */;
			buildPhases = (
				4C8F62C919D9DBE7004200EC /* Sources */,
				4C8F62CA19D9DBE7004200EC /* Frameworks */,
				4C8F62CB19D9DBE7004200EC /* Resources */,
			);
			buildRules = (
			);
			dependencies = (
				4C8F62D319D9DBE7004200EC /* PBXTargetDependency */,
			);
			name = PajamasBirthdayTests;
			productName = PajamasBirthdayTests;
			productReference = 4C8F62CD19D9DBE7004200EC /* PajamasBirthdayTests.xctest */;
			productType = "com.apple.product-type.bundle.unit-test";
		};
/* End PBXNativeTarget section */

/* Begin PBXProject section */
		4C8F62A419D9DBE6004200EC /* Project object */ = {
			isa = PBXProject;
			attributes = {
				LastUpgradeCheck = 0510;
				ORGANIZATIONNAME = towolf;
				TargetAttributes = {
					4C8F62CC19D9DBE7004200EC = {
						TestTargetID = 4C8F62AB19D9DBE6004200EC;
					};
				};
			};
			buildConfigurationList = 4C8F62A719D9DBE6004200EC /* Build configuration list for PBXProject "PajamasBirthday" */;
			compatibilityVersion = "Xcode 3.2";
			developmentRegion = English;
			hasScannedForEncodings = 0;
			knownRegions = (
				en,
				Base,
			);
			mainGroup = 4C8F62A319D9DBE6004200EC;
			productRefGroup = 4C8F62AD19D9DBE6004200EC /* Products */;
			projectDirPath = "";
			projectRoot = "";
			targets = (
				4C8F62AB19D9DBE6004200EC /* PajamasBirthday */,
				4C8F62CC19D9DBE7004200EC /* PajamasBirthdayTests */,
			);
		};
/* End PBXProject section */

/* Begin PBXResourcesBuildPhase section */
		4C8F62AA19D9DBE6004200EC /* Resources */ = {
			isa = PBXResourcesBuildPhase;
			buildActionMask = 2147483647;
			files = (
				4C8F632419DC8FC6004200EC /* miew13.wav in Resources */,
				4C8F62F519D9F42A004200EC /* to.png in Resources */,
				4C8F633419DC8FC6004200EC /* miew7.wav in Resources */,
				4C8F632B19DC8FC6004200EC /* miew2.wav in Resources */,
				4C8F632A19DC8FC6004200EC /* miew19.wav in Resources */,
				4C8F632119DC8FC6004200EC /* miew10.wav in Resources */,
				4C8F62F719DC6C3F004200EC /* cathand.png in Resources */,
				4C8F632D19DC8FC6004200EC /* miew21.wav in Resources */,
				4C8F632C19DC8FC6004200EC /* miew20.wav in Resources */,
				4C8F62FA19DC7387004200EC /* boxbottom.png in Resources */,
				4C8F632F19DC8FC6004200EC /* miew23.wav in Resources */,
				4C8F633019DC8FC6004200EC /* miew3.wav in Resources */,
				4C8F632719DC8FC6004200EC /* miew16.wav in Resources */,
				4C8F62EB19D9DC9C004200EC /* hbtext.png in Resources */,
				4C8F62F419D9F42A004200EC /* from.png in Resources */,
				4C8F633219DC8FC6004200EC /* miew5.wav in Resources */,
				4C8F632819DC8FC6004200EC /* miew17.wav in Resources */,
				4C8F633319DC8FC6004200EC /* miew6.wav in Resources */,
				4C8F62EF19D9F139004200EC /* date.png in Resources */,
				4C8F62C819D9DBE7004200EC /* Images.xcassets in Resources */,
				4C8F62F119D9F212004200EC /* to.png in Resources */,
				4C8F632019DC8FC6004200EC /* miew1.wav in Resources */,
				4C8F633619DC8FC6004200EC /* miew9.wav in Resources */,
				4C8F631F19DC8FC6004200EC /* miew0.wav in Resources */,
				4C8F632319DC8FC6004200EC /* miew12.wav in Resources */,
				4C8F633519DC8FC6004200EC /* miew8.wav in Resources */,
				4C8F62FB19DC7387004200EC /* boxupper.png in Resources */,
				4C8F632E19DC8FC6004200EC /* miew22.wav in Resources */,
				4C8F633119DC8FC6004200EC /* miew4.wav in Resources */,
				4C8F632519DC8FC6004200EC /* miew14.wav in Resources */,
				4C8F62EA19D9DC9C004200EC /* 2cat.png in Resources */,
				4C8F62ED19D9DC9C004200EC /* wolf.png in Resources */,
				4C8F632219DC8FC6004200EC /* miew11.wav in Resources */,
				4C8F632919DC8FC6004200EC /* miew18.wav in Resources */,
				4C8F62BA19D9DBE7004200EC /* InfoPlist.strings in Resources */,
				4C8F62C319D9DBE7004200EC /* Main.storyboard in Resources */,
				4C8F632619DC8FC6004200EC /* miew15.wav in Resources */,
				4C8F62EC19D9DC9C004200EC /* pajamas.png in Resources */,
			);
			runOnlyForDeploymentPostprocessing = 0;
		};
		4C8F62CB19D9DBE7004200EC /* Resources */ = {
			isa = PBXResourcesBuildPhase;
			buildActionMask = 2147483647;
			files = (
				4C8F62D919D9DBE7004200EC /* InfoPlist.strings in Resources */,
			);
			runOnlyForDeploymentPostprocessing = 0;
		};
/* End PBXResourcesBuildPhase section */

/* Begin PBXSourcesBuildPhase section */
		4C8F62A819D9DBE6004200EC /* Sources */ = {
			isa = PBXSourcesBuildPhase;
			buildActionMask = 2147483647;
			files = (
				4C8F62C619D9DBE7004200EC /* ViewController.m in Sources */,
				4C8F62C019D9DBE7004200EC /* AppDelegate.m in Sources */,
				4C8F62FE19DC7419004200EC /* BoxViewController.m in Sources */,
				4C8F62BC19D9DBE7004200EC /* main.m in Sources */,
			);
			runOnlyForDeploymentPostprocessing = 0;
		};
		4C8F62C919D9DBE7004200EC /* Sources */ = {
			isa = PBXSourcesBuildPhase;
			buildActionMask = 2147483647;
			files = (
				4C8F62DB19D9DBE7004200EC /* PajamasBirthdayTests.m in Sources */,
			);
			runOnlyForDeploymentPostprocessing = 0;
		};
/* End PBXSourcesBuildPhase section */

/* Begin PBXTargetDependency section */
		4C8F62D319D9DBE7004200EC /* PBXTargetDependency */ = {
			isa = PBXTargetDependency;
			target = 4C8F62AB19D9DBE6004200EC /* PajamasBirthday */;
			targetProxy = 4C8F62D219D9DBE7004200EC /* PBXContainerItemProxy */;
		};
/* End PBXTargetDependency section */

/* Begin PBXVariantGroup section */
		4C8F62B819D9DBE7004200EC /* InfoPlist.strings */ = {
			isa = PBXVariantGroup;
			children = (
				4C8F62B919D9DBE7004200EC /* en */,
			);
			name = InfoPlist.strings;
			sourceTree = "<group>";
		};
		4C8F62C119D9DBE7004200EC /* Main.storyboard */ = {
			isa = PBXVariantGroup;
			children = (
				4C8F62C219D9DBE7004200EC /* Base */,
			);
			name = Main.storyboard;
			sourceTree = "<group>";
		};
		4C8F62D719D9DBE7004200EC /* InfoPlist.strings */ = {
			isa = PBXVariantGroup;
			children = (
				4C8F62D819D9DBE7004200EC /* en */,
			);
			name = InfoPlist.strings;
			sourceTree = "<group>";
		};
/* End PBXVariantGroup section */

/* Begin XCBuildConfiguration section */
		4C8F62DC19D9DBE7004200EC /* Debug */ = {
			isa = XCBuildConfiguration;
			buildSettings = {
				ALWAYS_SEARCH_USER_PATHS = NO;
				CLANG_CXX_LANGUAGE_STANDARD = "gnu++0x";
				CLANG_CXX_LIBRARY = "libc++";
				CLANG_ENABLE_MODULES = YES;
				CLANG_ENABLE_OBJC_ARC = YES;
				CLANG_WARN_BOOL_CONVERSION = YES;
				CLANG_WARN_CONSTANT_CONVERSION = YES;
				CLANG_WARN_DIRECT_OBJC_ISA_USAGE = YES_ERROR;
				CLANG_WARN_EMPTY_BODY = YES;
				CLANG_WARN_ENUM_CONVERSION = YES;
				CLANG_WARN_INT_CONVERSION = YES;
				CLANG_WARN_OBJC_ROOT_CLASS = YES_ERROR;
				CLANG_WARN__DUPLICATE_METHOD_MATCH = YES;
				"CODE_SIGN_IDENTITY[sdk=iphoneos*]" = "iPhone Developer";
				COPY_PHASE_STRIP = NO;
				GCC_C_LANGUAGE_STANDARD = gnu99;
				GCC_DYNAMIC_NO_PIC = NO;
				GCC_OPTIMIZATION_LEVEL = 0;
				GCC_PREPROCESSOR_DEFINITIONS = (
					"DEBUG=1",
					"$(inherited)",
				);
				GCC_SYMBOLS_PRIVATE_EXTERN = NO;
				GCC_WARN_64_TO_32_BIT_CONVERSION = YES;
				GCC_WARN_ABOUT_RETURN_TYPE = YES_ERROR;
				GCC_WARN_UNDECLARED_SELECTOR = YES;
				GCC_WARN_UNINITIALIZED_AUTOS = YES_AGGRESSIVE;
				GCC_WARN_UNUSED_FUNCTION = YES;
				GCC_WARN_UNUSED_VARIABLE = YES;
				IPHONEOS_DEPLOYMENT_TARGET = 7.1;
				ONLY_ACTIVE_ARCH = YES;
				SDKROOT = iphoneos;
			};
			name = Debug;
		};
		4C8F62DD19D9DBE7004200EC /* Release */ = {
			isa = XCBuildConfiguration;
			buildSettings = {
				ALWAYS_SEARCH_USER_PATHS = NO;
				CLANG_CXX_LANGUAGE_STANDARD = "gnu++0x";
				CLANG_CXX_LIBRARY = "libc++";
				CLANG_ENABLE_MODULES = YES;
				CLANG_ENABLE_OBJC_ARC = YES;
				CLANG_WARN_BOOL_CONVERSION = YES;
				CLANG_WARN_CONSTANT_CONVERSION = YES;
				CLANG_WARN_DIRECT_OBJC_ISA_USAGE = YES_ERROR;
				CLANG_WARN_EMPTY_BODY = YES;
				CLANG_WARN_ENUM_CONVERSION = YES;
				CLANG_WARN_INT_CONVERSION = YES;
				CLANG_WARN_OBJC_ROOT_CLASS = YES_ERROR;
				CLANG_WARN__DUPLICATE_METHOD_MATCH = YES;
				"CODE_SIGN_IDENTITY[sdk=iphoneos*]" = "iPhone Developer";
				COPY_PHASE_STRIP = YES;
				ENABLE_NS_ASSERTIONS = NO;
				GCC_C_LANGUAGE_STANDARD = gnu99;
				GCC_WARN_64_TO_32_BIT_CONVERSION = YES;
				GCC_WARN_ABOUT_RETURN_TYPE = YES_ERROR;
				GCC_WARN_UNDECLARED_SELECTOR = YES;
				GCC_WARN_UNINITIALIZED_AUTOS = YES_AGGRESSIVE;
				GCC_WARN_UNUSED_FUNCTION = YES;
				GCC_WARN_UNUSED_VARIABLE = YES;
				IPHONEOS_DEPLOYMENT_TARGET = 7.1;
				SDKROOT = iphoneos;
				VALIDATE_PRODUCT = YES;
			};
			name = Release;
		};
		4C8F62DF19D9DBE7004200EC /* Debug */ = {
			isa = XCBuildConfiguration;
			buildSettings = {
				ASSETCATALOG_COMPILER_APPICON_NAME = AppIcon;
				ASSETCATALOG_COMPILER_LAUNCHIMAGE_NAME = LaunchImage;
				GCC_PRECOMPILE_PREFIX_HEADER = YES;
				GCC_PREFIX_HEADER = "PajamasBirthday/PajamasBirthday-Prefix.pch";
				INFOPLIST_FILE = "PajamasBirthday/PajamasBirthday-Info.plist";
				PRODUCT_NAME = "$(TARGET_NAME)";
				WRAPPER_EXTENSION = app;
			};
			name = Debug;
		};
		4C8F62E019D9DBE7004200EC /* Release */ = {
			isa = XCBuildConfiguration;
			buildSettings = {
				ASSETCATALOG_COMPILER_APPICON_NAME = AppIcon;
				ASSETCATALOG_COMPILER_LAUNCHIMAGE_NAME = LaunchImage;
				GCC_PRECOMPILE_PREFIX_HEADER = YES;
				GCC_PREFIX_HEADER = "PajamasBirthday/PajamasBirthday-Prefix.pch";
				INFOPLIST_FILE = "PajamasBirthday/PajamasBirthday-Info.plist";
				PRODUCT_NAME = "$(TARGET_NAME)";
				WRAPPER_EXTENSION = app;
			};
			name = Release;
		};
		4C8F62E219D9DBE7004200EC /* Debug */ = {
			isa = XCBuildConfiguration;
			buildSettings = {
				BUNDLE_LOADER = "$(BUILT_PRODUCTS_DIR)/PajamasBirthday.app/PajamasBirthday";
				FRAMEWORK_SEARCH_PATHS = (
					"$(SDKROOT)/Developer/Library/Frameworks",
					"$(inherited)",
					"$(DEVELOPER_FRAMEWORKS_DIR)",
				);
				GCC_PRECOMPILE_PREFIX_HEADER = YES;
				GCC_PREFIX_HEADER = "PajamasBirthday/PajamasBirthday-Prefix.pch";
				GCC_PREPROCESSOR_DEFINITIONS = (
					"DEBUG=1",
					"$(inherited)",
				);
				INFOPLIST_FILE = "PajamasBirthdayTests/PajamasBirthdayTests-Info.plist";
				PRODUCT_NAME = "$(TARGET_NAME)";
				TEST_HOST = "$(BUNDLE_LOADER)";
				WRAPPER_EXTENSION = xctest;
			};
			name = Debug;
		};
		4C8F62E319D9DBE7004200EC /* Release */ = {
			isa = XCBuildConfiguration;
			buildSettings = {
				BUNDLE_LOADER = "$(BUILT_PRODUCTS_DIR)/PajamasBirthday.app/PajamasBirthday";
				FRAMEWORK_SEARCH_PATHS = (
					"$(SDKROOT)/Developer/Library/Frameworks",
					"$(inherited)",
					"$(DEVELOPER_FRAMEWORKS_DIR)",
				);
				GCC_PRECOMPILE_PREFIX_HEADER = YES;
				GCC_PREFIX_HEADER = "PajamasBirthday/PajamasBirthday-Prefix.pch";
				INFOPLIST_FILE = "PajamasBirthdayTests/PajamasBirthdayTests-Info.plist";
				PRODUCT_NAME = "$(TARGET_NAME)";
				TEST_HOST = "$(BUNDLE_LOADER)";
				WRAPPER_EXTENSION = xctest;
			};
			name = Release;
		};
/* End XCBuildConfiguration section */

/* Begin XCConfigurationList section */
		4C8F62A719D9DBE6004200EC /* Build configuration list for PBXProject "PajamasBirthday" */ = {
			isa = XCConfigurationList;
			buildConfigurations = (
				4C8F62DC19D9DBE7004200EC /* Debug */,
				4C8F62DD19D9DBE7004200EC /* Release */,
			);
			defaultConfigurationIsVisible = 0;
			defaultConfigurationName = Release;
		};
		4C8F62DE19D9DBE7004200EC /* Build configuration list for PBXNativeTarget "PajamasBirthday" */ = {
			isa = XCConfigurationList;
			buildConfigurations = (
				4C8F62DF19D9DBE7004200EC /* Debug */,
				4C8F62E019D9DBE7004200EC /* Release */,
			);
			defaultConfigurationIsVisible = 0;
		};
		4C8F62E119D9DBE7004200EC /* Build configuration list for PBXNativeTarget "PajamasBirthdayTests" */ = {
			isa = XCConfigurationList;
			buildConfigurations = (
				4C8F62E219D9DBE7004200EC /* Debug */,
				4C8F62E319D9DBE7004200EC /* Release */,
			);
			defaultConfigurationIsVisible = 0;
		};
/* End XCConfigurationList section */
	};
	rootObject = 4C8F62A419D9DBE6004200EC /* Project object */;
}
